// !$*UTF8*$!
{
	archiveVersion = 1;
	classes = {
	};
	objectVersion = 46;
	objects = {

/* Begin PBXBuildFile section */
		3024F5D11D459CBB009CC9A0 /* main.m in Sources */ = {isa = PBXBuildFile; fileRef = 3024F5D01D459CBB009CC9A0 /* main.m */; };
		3024F5D41D459CBB009CC9A0 /* AppDelegate.m in Sources */ = {isa = PBXBuildFile; fileRef = 3024F5D31D459CBB009CC9A0 /* AppDelegate.m */; };
		3024F5D71D459CBB009CC9A0 /* ViewController.m in Sources */ = {isa = PBXBuildFile; fileRef = 3024F5D61D459CBB009CC9A0 /* ViewController.m */; };
		3024F5DA1D459CBB009CC9A0 /* Main.storyboard in Resources */ = {isa = PBXBuildFile; fileRef = 3024F5D81D459CBB009CC9A0 /* Main.storyboard */; };
		3024F5DD1D459CBB009CC9A0 /* IVCalculator.xcdatamodeld in Sources */ = {isa = PBXBuildFile; fileRef = 3024F5DB1D459CBB009CC9A0 /* IVCalculator.xcdatamodeld */; };
		3024F5DF1D459CBB009CC9A0 /* Assets.xcassets in Resources */ = {isa = PBXBuildFile; fileRef = 3024F5DE1D459CBB009CC9A0 /* Assets.xcassets */; };
		3024F5E21D459CBB009CC9A0 /* LaunchScreen.storyboard in Resources */ = {isa = PBXBuildFile; fileRef = 3024F5E01D459CBB009CC9A0 /* LaunchScreen.storyboard */; };
		3024F5EA1D45AFFB009CC9A0 /* pokemon.plist in Resources */ = {isa = PBXBuildFile; fileRef = 3024F5E91D45AFFB009CC9A0 /* pokemon.plist */; };
		30EA2C021D45C65D00878C53 /* dropdown.png in Resources */ = {isa = PBXBuildFile; fileRef = 30EA2C011D45C65D00878C53 /* dropdown.png */; };
		464A3914BA0B757F210F2C69 /* libPods-IVCalculator.a in Frameworks */ = {isa = PBXBuildFile; fileRef = 12B04916032E4719EF3AE5E7 /* libPods-IVCalculator.a */; };
/* End PBXBuildFile section */

/* Begin PBXFileReference section */
		12B04916032E4719EF3AE5E7 /* libPods-IVCalculator.a */ = {isa = PBXFileReference; explicitFileType = archive.ar; includeInIndex = 0; path = "libPods-IVCalculator.a"; sourceTree = BUILT_PRODUCTS_DIR; };
		3024F5CC1D459CBB009CC9A0 /* IVCalculator.app */ = {isa = PBXFileReference; explicitFileType = wrapper.application; includeInIndex = 0; path = IVCalculator.app; sourceTree = BUILT_PRODUCTS_DIR; };
		3024F5D01D459CBB009CC9A0 /* main.m */ = {isa = PBXFileReference; lastKnownFileType = sourcecode.c.objc; path = main.m; sourceTree = "<group>"; };
		3024F5D21D459CBB009CC9A0 /* AppDelegate.h */ = {isa = PBXFileReference; lastKnownFileType = sourcecode.c.h; path = AppDelegate.h; sourceTree = "<group>"; };
		3024F5D31D459CBB009CC9A0 /* AppDelegate.m */ = {isa = PBXFileReference; lastKnownFileType = sourcecode.c.objc; path = AppDelegate.m; sourceTree = "<group>"; };
		3024F5D51D459CBB009CC9A0 /* ViewController.h */ = {isa = PBXFileReference; lastKnownFileType = sourcecode.c.h; path = ViewController.h; sourceTree = "<group>"; };
		3024F5D61D459CBB009CC9A0 /* ViewController.m */ = {isa = PBXFileReference; lastKnownFileType = sourcecode.c.objc; path = ViewController.m; sourceTree = "<group>"; };
		3024F5D91D459CBB009CC9A0 /* Base */ = {isa = PBXFileReference; lastKnownFileType = file.storyboard; name = Base; path = Base.lproj/Main.storyboard; sourceTree = "<group>"; };
		3024F5DC1D459CBB009CC9A0 /* IVCalculator.xcdatamodel */ = {isa = PBXFileReference; lastKnownFileType = wrapper.xcdatamodel; path = IVCalculator.xcdatamodel; sourceTree = "<group>"; };
		3024F5DE1D459CBB009CC9A0 /* Assets.xcassets */ = {isa = PBXFileReference; lastKnownFileType = folder.assetcatalog; path = Assets.xcassets; sourceTree = "<group>"; };
		3024F5E11D459CBB009CC9A0 /* Base */ = {isa = PBXFileReference; lastKnownFileType = file.storyboard; name = Base; path = Base.lproj/LaunchScreen.storyboard; sourceTree = "<group>"; };
		3024F5E31D459CBB009CC9A0 /* Info.plist */ = {isa = PBXFileReference; lastKnownFileType = text.plist.xml; path = Info.plist; sourceTree = "<group>"; };
		3024F5E91D45AFFB009CC9A0 /* pokemon.plist */ = {isa = PBXFileReference; fileEncoding = 4; lastKnownFileType = text.plist.xml; path = pokemon.plist; sourceTree = "<group>"; };
		30EA2C011D45C65D00878C53 /* dropdown.png */ = {isa = PBXFileReference; lastKnownFileType = image.png; path = dropdown.png; sourceTree = "<group>"; };
		53AFFB0D01C9712DA2D919B8 /* Pods-IVCalculator.debug.xcconfig */ = {isa = PBXFileReference; includeInIndex = 1; lastKnownFileType = text.xcconfig; name = "Pods-IVCalculator.debug.xcconfig"; path = "Pods/Target Support Files/Pods-IVCalculator/Pods-IVCalculator.debug.xcconfig"; sourceTree = "<group>"; };
		7B62D7440CED4979916DA0FA /* Pods-IVCalculator.release.xcconfig */ = {isa = PBXFileReference; includeInIndex = 1; lastKnownFileType = text.xcconfig; name = "Pods-IVCalculator.release.xcconfig"; path = "Pods/Target Support Files/Pods-IVCalculator/Pods-IVCalculator.release.xcconfig"; sourceTree = "<group>"; };
/* End PBXFileReference section */

/* Begin PBXFrameworksBuildPhase section */
		3024F5C91D459CBB009CC9A0 /* Frameworks */ = {
			isa = PBXFrameworksBuildPhase;
			buildActionMask = 2147483647;
			files = (
				464A3914BA0B757F210F2C69 /* libPods-IVCalculator.a in Frameworks */,
			);
			runOnlyForDeploymentPostprocessing = 0;
		};
/* End PBXFrameworksBuildPhase section */

/* Begin PBXGroup section */
		3024F5C31D459CBB009CC9A0 = {
			isa = PBXGroup;
			children = (
				3024F5CE1D459CBB009CC9A0 /* IVCalculator */,
				3024F5CD1D459CBB009CC9A0 /* Products */,
				D4E44D22A823878D045A59B8 /* Pods */,
				741CDAB5902CDDCADC5C6020 /* Frameworks */,
			);
			sourceTree = "<group>";
		};
		3024F5CD1D459CBB009CC9A0 /* Products */ = {
			isa = PBXGroup;
			children = (
				3024F5CC1D459CBB009CC9A0 /* IVCalculator.app */,
			);
			name = Products;
			sourceTree = "<group>";
		};
		3024F5CE1D459CBB009CC9A0 /* IVCalculator */ = {
			isa = PBXGroup;
			children = (
				30EA2C011D45C65D00878C53 /* dropdown.png */,
				3024F5D21D459CBB009CC9A0 /* AppDelegate.h */,
				3024F5D31D459CBB009CC9A0 /* AppDelegate.m */,
				3024F5D51D459CBB009CC9A0 /* ViewController.h */,
				3024F5D61D459CBB009CC9A0 /* ViewController.m */,
				3024F5D81D459CBB009CC9A0 /* Main.storyboard */,
				3024F5DE1D459CBB009CC9A0 /* Assets.xcassets */,
				3024F5E01D459CBB009CC9A0 /* LaunchScreen.storyboard */,
				3024F5E31D459CBB009CC9A0 /* Info.plist */,
				3024F5DB1D459CBB009CC9A0 /* IVCalculator.xcdatamodeld */,
				3024F5CF1D459CBB009CC9A0 /* Supporting Files */,
				3024F5E91D45AFFB009CC9A0 /* pokemon.plist */,
			);
			path = IVCalculator;
			sourceTree = "<group>";
		};
		3024F5CF1D459CBB009CC9A0 /* Supporting Files */ = {
			isa = PBXGroup;
			children = (
				3024F5D01D459CBB009CC9A0 /* main.m */,
			);
			name = "Supporting Files";
			sourceTree = "<group>";
		};
		741CDAB5902CDDCADC5C6020 /* Frameworks */ = {
			isa = PBXGroup;
			children = (
				12B04916032E4719EF3AE5E7 /* libPods-IVCalculator.a */,
			);
			name = Frameworks;
			sourceTree = "<group>";
		};
		D4E44D22A823878D045A59B8 /* Pods */ = {
			isa = PBXGroup;
			children = (
				53AFFB0D01C9712DA2D919B8 /* Pods-IVCalculator.debug.xcconfig */,
				7B62D7440CED4979916DA0FA /* Pods-IVCalculator.release.xcconfig */,
			);
			name = Pods;
			sourceTree = "<group>";
		};
/* End PBXGroup section */

/* Begin PBXNativeTarget section */
		3024F5CB1D459CBB009CC9A0 /* IVCalculator */ = {
			isa = PBXNativeTarget;
			buildConfigurationList = 3024F5E61D459CBB009CC9A0 /* Build configuration list for PBXNativeTarget "IVCalculator" */;
			buildPhases = (
				3ABD0261D58631DA7DD8A405 /* [CP] Check Pods Manifest.lock */,
				3024F5C81D459CBB009CC9A0 /* Sources */,
				3024F5C91D459CBB009CC9A0 /* Frameworks */,
				3024F5CA1D459CBB009CC9A0 /* Resources */,
				F54103258203CC97A2DF6E45 /* [CP] Embed Pods Frameworks */,
				8A3803052D7FDBBD081EA050 /* [CP] Copy Pods Resources */,
			);
			buildRules = (
			);
			dependencies = (
			);
			name = IVCalculator;
			productName = IVCalculator;
			productReference = 3024F5CC1D459CBB009CC9A0 /* IVCalculator.app */;
			productType = "com.apple.product-type.application";
		};
/* End PBXNativeTarget section */

/* Begin PBXProject section */
		3024F5C41D459CBB009CC9A0 /* Project object */ = {
			isa = PBXProject;
			attributes = {
				LastUpgradeCheck = 0730;
				ORGANIZATIONNAME = Roman;
				TargetAttributes = {
					3024F5CB1D459CBB009CC9A0 = {
						CreatedOnToolsVersion = 7.3;
					};
				};
			};
			buildConfigurationList = 3024F5C71D459CBB009CC9A0 /* Build configuration list for PBXProject "IVCalculator" */;
			compatibilityVersion = "Xcode 3.2";
			developmentRegion = English;
			hasScannedForEncodings = 0;
			knownRegions = (
				en,
				Base,
			);
			mainGroup = 3024F5C31D459CBB009CC9A0;
			productRefGroup = 3024F5CD1D459CBB009CC9A0 /* Products */;
			projectDirPath = "";
			projectRoot = "";
			targets = (
				3024F5CB1D459CBB009CC9A0 /* IVCalculator */,
			);
		};
/* End PBXProject section */

/* Begin PBXResourcesBuildPhase section */
		3024F5CA1D459CBB009CC9A0 /* Resources */ = {
			isa = PBXResourcesBuildPhase;
			buildActionMask = 2147483647;
			files = (
				30EA2C021D45C65D00878C53 /* dropdown.png in Resources */,
				3024F5EA1D45AFFB009CC9A0 /* pokemon.plist in Resources */,
				3024F5E21D459CBB009CC9A0 /* LaunchScreen.storyboard in Resources */,
				3024F5DF1D459CBB009CC9A0 /* Assets.xcassets in Resources */,
				3024F5DA1D459CBB009CC9A0 /* Main.storyboard in Resources */,
			);
			runOnlyForDeploymentPostprocessing = 0;
		};
/* End PBXResourcesBuildPhase section */

/* Begin PBXShellScriptBuildPhase section */
		3ABD0261D58631DA7DD8A405 /* [CP] Check Pods Manifest.lock */ = {
			isa = PBXShellScriptBuildPhase;
			buildActionMask = 2147483647;
			files = (
			);
			inputPaths = (
			);
			name = "[CP] Check Pods Manifest.lock";
			outputPaths = (
			);
			runOnlyForDeploymentPostprocessing = 0;
			shellPath = /bin/sh;
			shellScript = "diff \"${PODS_ROOT}/../Podfile.lock\" \"${PODS_ROOT}/Manifest.lock\" > /dev/null\nif [[ $? != 0 ]] ; then\n    cat << EOM\nerror: The sandbox is not in sync with the Podfile.lock. Run 'pod install' or update your CocoaPods installation.\nEOM\n    exit 1\nfi\n";
			showEnvVarsInLog = 0;
		};
		8A3803052D7FDBBD081EA050 /* [CP] Copy Pods Resources */ = {
			isa = PBXShellScriptBuildPhase;
			buildActionMask = 2147483647;
			files = (
			);
			inputPaths = (
			);
			name = "[CP] Copy Pods Resources";
			outputPaths = (
			);
			runOnlyForDeploymentPostprocessing = 0;
			shellPath = /bin/sh;
			shellScript = "\"${SRCROOT}/Pods/Target Support Files/Pods-IVCalculator/Pods-IVCalculator-resources.sh\"\n";
			showEnvVarsInLog = 0;
		};
		F54103258203CC97A2DF6E45 /* [CP] Embed Pods Frameworks */ = {
			isa = PBXShellScriptBuildPhase;
			buildActionMask = 2147483647;
			files = (
			);
			inputPaths = (
			);
			name = "[CP] Embed Pods Frameworks";
			outputPaths = (
			);
			runOnlyForDeploymentPostprocessing = 0;
			shellPath = /bin/sh;
			shellScript = "\"${SRCROOT}/Pods/Target Support Files/Pods-IVCalculator/Pods-IVCalculator-frameworks.sh\"\n";
			showEnvVarsInLog = 0;
		};
/* End PBXShellScriptBuildPhase section */

/* Begin PBXSourcesBuildPhase section */
		3024F5C81D459CBB009CC9A0 /* Sources */ = {
			isa = PBXSourcesBuildPhase;
			buildActionMask = 2147483647;
			files = (
				3024F5D71D459CBB009CC9A0 /* ViewController.m in Sources */,
				3024F5D41D459CBB009CC9A0 /* AppDelegate.m in Sources */,
				3024F5DD1D459CBB009CC9A0 /* IVCalculator.xcdatamodeld in Sources */,
				3024F5D11D459CBB009CC9A0 /* main.m in Sources */,
			);
			runOnlyForDeploymentPostprocessing = 0;
		};
/* End PBXSourcesBuildPhase section */

/* Begin PBXVariantGroup section */
		3024F5D81D459CBB009CC9A0 /* Main.storyboard */ = {
			isa = PBXVariantGroup;
			children = (
				3024F5D91D459CBB009CC9A0 /* Base */,
			);
			name = Main.storyboard;
			sourceTree = "<group>";
		};
		3024F5E01D459CBB009CC9A0 /* LaunchScreen.storyboard */ = {
			isa = PBXVariantGroup;
			children = (
				3024F5E11D459CBB009CC9A0 /* Base */,
			);
			name = LaunchScreen.storyboard;
			sourceTree = "<group>";
		};
/* End PBXVariantGroup section */

/* Begin XCBuildConfiguration section */
		3024F5E41D459CBB009CC9A0 /* Debug */ = {
			isa = XCBuildConfiguration;
			buildSettings = {
				ALWAYS_SEARCH_USER_PATHS = NO;
				CLANG_ANALYZER_NONNULL = YES;
				CLANG_CXX_LANGUAGE_STANDARD = "gnu++0x";
				CLANG_CXX_LIBRARY = "libc++";
				CLANG_ENABLE_MODULES = YES;
				CLANG_ENABLE_OBJC_ARC = YES;
				CLANG_WARN_BOOL_CONVERSION = YES;
				CLANG_WARN_CONSTANT_CONVERSION = YES;
				CLANG_WARN_DIRECT_OBJC_ISA_USAGE = YES_ERROR;
				CLANG_WARN_EMPTY_BODY = YES;
				CLANG_WARN_ENUM_CONVERSION = YES;
				CLANG_WARN_INT_CONVERSION = YES;
				CLANG_WARN_OBJC_ROOT_CLASS = YES_ERROR;
				CLANG_WARN_UNREACHABLE_CODE = YES;
				CLANG_WARN__DUPLICATE_METHOD_MATCH = YES;
				"CODE_SIGN_IDENTITY[sdk=iphoneos*]" = "iPhone Developer";
				COPY_PHASE_STRIP = NO;
				DEBUG_INFORMATION_FORMAT = dwarf;
				ENABLE_STRICT_OBJC_MSGSEND = YES;
				ENABLE_TESTABILITY = YES;
				GCC_C_LANGUAGE_STANDARD = gnu99;
				GCC_DYNAMIC_NO_PIC = NO;
				GCC_NO_COMMON_BLOCKS = YES;
				GCC_OPTIMIZATION_LEVEL = 0;
				GCC_PREPROCESSOR_DEFINITIONS = (
					"DEBUG=1",
					"$(inherited)",
				);
				GCC_WARN_64_TO_32_BIT_CONVERSION = YES;
				GCC_WARN_ABOUT_RETURN_TYPE = YES_ERROR;
				GCC_WARN_UNDECLARED_SELECTOR = YES;
				GCC_WARN_UNINITIALIZED_AUTOS = YES_AGGRESSIVE;
				GCC_WARN_UNUSED_FUNCTION = YES;
				GCC_WARN_UNUSED_VARIABLE = YES;
				IPHONEOS_DEPLOYMENT_TARGET = 9.3;
				MTL_ENABLE_DEBUG_INFO = YES;
				ONLY_ACTIVE_ARCH = YES;
				SDKROOT = iphoneos;
				TARGETED_DEVICE_FAMILY = "1,2";
			};
			name = Debug;
		};
		3024F5E51D459CBB009CC9A0 /* Release */ = {
			isa = XCBuildConfiguration;
			buildSettings = {
				ALWAYS_SEARCH_USER_PATHS = NO;
				CLANG_ANALYZER_NONNULL = YES;
				CLANG_CXX_LANGUAGE_STANDARD = "gnu++0x";
				CLANG_CXX_LIBRARY = "libc++";
				CLANG_ENABLE_MODULES = YES;
				CLANG_ENABLE_OBJC_ARC = YES;
				CLANG_WARN_BOOL_CONVERSION = YES;
				CLANG_WARN_CONSTANT_CONVERSION = YES;
				CLANG_WARN_DIRECT_OBJC_ISA_USAGE = YES_ERROR;
				CLANG_WARN_EMPTY_BODY = YES;
				CLANG_WARN_ENUM_CONVERSION = YES;
				CLANG_WARN_INT_CONVERSION = YES;
				CLANG_WARN_OBJC_ROOT_CLASS = YES_ERROR;
				CLANG_WARN_UNREACHABLE_CODE = YES;
				CLANG_WARN__DUPLICATE_METHOD_MATCH = YES;
				"CODE_SIGN_IDENTITY[sdk=iphoneos*]" = "iPhone Developer";
				COPY_PHASE_STRIP = NO;
				DEBUG_INFORMATION_FORMAT = "dwarf-with-dsym";
				ENABLE_NS_ASSERTIONS = NO;
				ENABLE_STRICT_OBJC_MSGSEND = YES;
				GCC_C_LANGUAGE_STANDARD = gnu99;
				GCC_NO_COMMON_BLOCKS = YES;
				GCC_WARN_64_TO_32_BIT_CONVERSION = YES;
				GCC_WARN_ABOUT_RETURN_TYPE = YES_ERROR;
				GCC_WARN_UNDECLARED_SELECTOR = YES;
				GCC_WARN_UNINITIALIZED_AUTOS = YES_AGGRESSIVE;
				GCC_WARN_UNUSED_FUNCTION = YES;
				GCC_WARN_UNUSED_VARIABLE = YES;
				IPHONEOS_DEPLOYMENT_TARGET = 9.3;
				MTL_ENABLE_DEBUG_INFO = NO;
				SDKROOT = iphoneos;
				TARGETED_DEVICE_FAMILY = "1,2";
				VALIDATE_PRODUCT = YES;
			};
			name = Release;
		};
		3024F5E71D459CBB009CC9A0 /* Debug */ = {
			isa = XCBuildConfiguration;
			baseConfigurationReference = 53AFFB0D01C9712DA2D919B8 /* Pods-IVCalculator.debug.xcconfig */;
			buildSettings = {
				ASSETCATALOG_COMPILER_APPICON_NAME = AppIcon;
				INFOPLIST_FILE = IVCalculator/Info.plist;
				IPHONEOS_DEPLOYMENT_TARGET = 8.4;
				LD_RUNPATH_SEARCH_PATHS = "$(inherited) @executable_path/Frameworks";
				PRODUCT_BUNDLE_IDENTIFIER = dev.IVCalculator;
				PRODUCT_NAME = "$(TARGET_NAME)";
			};
			name = Debug;
		};
		3024F5E81D459CBB009CC9A0 /* Release */ = {
			isa = XCBuildConfiguration;
			baseConfigurationReference = 7B62D7440CED4979916DA0FA /* Pods-IVCalculator.release.xcconfig */;
			buildSettings = {
				ASSETCATALOG_COMPILER_APPICON_NAME = AppIcon;
				INFOPLIST_FILE = IVCalculator/Info.plist;
				IPHONEOS_DEPLOYMENT_TARGET = 8.4;
				LD_RUNPATH_SEARCH_PATHS = "$(inherited) @executable_path/Frameworks";
				PRODUCT_BUNDLE_IDENTIFIER = dev.IVCalculator;
				PRODUCT_NAME = "$(TARGET_NAME)";
			};
			name = Release;
		};
/* End XCBuildConfiguration section */

/* Begin XCConfigurationList section */
		3024F5C71D459CBB009CC9A0 /* Build configuration list for PBXProject "IVCalculator" */ = {
			isa = XCConfigurationList;
			buildConfigurations = (
				3024F5E41D459CBB009CC9A0 /* Debug */,
				3024F5E51D459CBB009CC9A0 /* Release */,
			);
			defaultConfigurationIsVisible = 0;
			defaultConfigurationName = Release;
		};
		3024F5E61D459CBB009CC9A0 /* Build configuration list for PBXNativeTarget "IVCalculator" */ = {
			isa = XCConfigurationList;
			buildConfigurations = (
				3024F5E71D459CBB009CC9A0 /* Debug */,
				3024F5E81D459CBB009CC9A0 /* Release */,
			);
			defaultConfigurationIsVisible = 0;
			defaultConfigurationName = Release;
		};
/* End XCConfigurationList section */

/* Begin XCVersionGroup section */
		3024F5DB1D459CBB009CC9A0 /* IVCalculator.xcdatamodeld */ = {
			isa = XCVersionGroup;
			children = (
				3024F5DC1D459CBB009CC9A0 /* IVCalculator.xcdatamodel */,
			);
			currentVersion = 3024F5DC1D459CBB009CC9A0 /* IVCalculator.xcdatamodel */;
			path = IVCalculator.xcdatamodeld;
			sourceTree = "<group>";
			versionGroupType = wrapper.xcdatamodel;
		};
/* End XCVersionGroup section */
	};
	rootObject = 3024F5C41D459CBB009CC9A0 /* Project object */;
}
